
Microsoft Visual Studio Solution File, Format Version 12.00
# Visual Studio Version 16
VisualStudioVersion = 16.0.30413.136
MinimumVisualStudioVersion = 10.0.40219.1
Project("{FAE04EC0-301F-11D3-BF4B-00C04F79EFBC}") = "LinqExcersize", "LinqExcersize.csproj", "{B5C7C8FF-8F48-424D-9836-7419C6A63809}"
EndProject
Global
	GlobalSection(SolutionConfigurationPlatforms) = preSolution
		Debug|Any CPU = Debug|Any CPU
		Release|Any CPU = Release|Any CPU
	EndGlobalSection
	GlobalSection(ProjectConfigurationPlatforms) = postSolution
		{B5C7C8FF-8F48-424D-9836-7419C6A63809}.Debug|Any CPU.ActiveCfg = Debug|Any CPU
		{B5C7C8FF-8F48-424D-9836-7419C6A63809}.Debug|Any CPU.Build.0 = Debug|Any CPU
		{B5C7C8FF-8F48-424D-9836-7419C6A63809}.Release|Any CPU.ActiveCfg = Release|Any CPU
		{B5C7C8FF-8F48-424D-9836-7419C6A63809}.Release|Any CPU.Build.0 = Release|Any CPU
	EndGlobalSection
	GlobalSection(SolutionProperties) = preSolution
		HideSolutionNode = FALSE
	EndGlobalSection
	GlobalSection(ExtensibilityGlobals) = postSolution
		SolutionGuid = {FB9A432A-F5CD-464D-AD74-961098C91DDF}
	EndGlobalSection
EndGlobal
